
Microsoft Visual Studio Solution File, Format Version 12.00
# Visual Studio Version 16
VisualStudioVersion = 16.0.30523.141
MinimumVisualStudioVersion = 10.0.40219.1
Project("{8BC9CEB8-8B4A-11D0-8D11-00A0C91BC942}") = "CV6", "CV6.vcxproj", "{60BE888D-C2FF-4FAF-9B09-57DD8253E81D}"
EndProject
Global
	GlobalSection(SolutionConfigurationPlatforms) = preSolution
		Debug|x64 = Debug|x64
		Debug|x86 = Debug|x86
		Release|x64 = Release|x64
		Release|x86 = Release|x86
	EndGlobalSection
	GlobalSection(ProjectConfigurationPlatforms) = postSolution
		{60BE888D-C2FF-4FAF-9B09-57DD8253E81D}.Debug|x64.ActiveCfg = Debug|x64
		{60BE888D-C2FF-4FAF-9B09-57DD8253E81D}.Debug|x64.Build.0 = Debug|x64
		{60BE888D-C2FF-4FAF-9B09-57DD8253E81D}.Debug|x86.ActiveCfg = Debug|Win32
		{60BE888D-C2FF-4FAF-9B09-57DD8253E81D}.Debug|x86.Build.0 = Debug|Win32
		{60BE888D-C2FF-4FAF-9B09-57DD8253E81D}.Release|x64.ActiveCfg = Release|x64
		{60BE888D-C2FF-4FAF-9B09-57DD8253E81D}.Release|x64.Build.0 = Release|x64
		{60BE888D-C2FF-4FAF-9B09-57DD8253E81D}.Release|x86.ActiveCfg = Release|Win32
		{60BE888D-C2FF-4FAF-9B09-57DD8253E81D}.Release|x86.Build.0 = Release|Win32
	EndGlobalSection
	GlobalSection(SolutionProperties) = preSolution
		HideSolutionNode = FALSE
	EndGlobalSection
	GlobalSection(ExtensibilityGlobals) = postSolution
		SolutionGuid = {1C7456CE-365E-4B28-86FC-C472D1A55547}
	EndGlobalSection
EndGlobal
